PODS:
  - CHTCollectionViewWaterfallLayout (0.9.1)
  - RMGallery (0.1)
  - SDWebImage (3.7.2):
    - SDWebImage/Core (= 3.7.2)
  - SDWebImage/Core (3.7.2)

DEPENDENCIES:
  - CHTCollectionViewWaterfallLayout
  - RMGallery
  - SDWebImage

SPEC CHECKSUMS:
  CHTCollectionViewWaterfallLayout: 1a8da4fc662702cbddda8926ced266036a829f84
  RMGallery: b7348f47b5f49997ff7164c0c5866210fcf74fc8
  SDWebImage: 71b7cdc1d1721d6a82ed62889030225f2c249e29

COCOAPODS: 0.37.2
