// !$*UTF8*$!
{
	archiveVersion = 1;
	classes = {
	};
	objectVersion = 46;
	objects = {

/* Begin PBXBuildFile section */
		8948CFBB1B1D08F2009ECFA8 /* main.m in Sources */ = {isa = PBXBuildFile; fileRef = 8948CFBA1B1D08F2009ECFA8 /* main.m */; };
		8948CFBE1B1D08F2009ECFA8 /* AppDelegate.m in Sources */ = {isa = PBXBuildFile; fileRef = 8948CFBD1B1D08F2009ECFA8 /* AppDelegate.m */; };
		8948CFC41B1D08F2009ECFA8 /* Main.storyboard in Resources */ = {isa = PBXBuildFile; fileRef = 8948CFC21B1D08F2009ECFA8 /* Main.storyboard */; };
		8948CFC61B1D08F2009ECFA8 /* Images.xcassets in Resources */ = {isa = PBXBuildFile; fileRef = 8948CFC51B1D08F2009ECFA8 /* Images.xcassets */; };
		8948CFC91B1D08F2009ECFA8 /* LaunchScreen.xib in Resources */ = {isa = PBXBuildFile; fileRef = 8948CFC71B1D08F2009ECFA8 /* LaunchScreen.xib */; };
		8948CFD51B1D08F2009ECFA8 /* PhotoGalleryExampleTests.m in Sources */ = {isa = PBXBuildFile; fileRef = 8948CFD41B1D08F2009ECFA8 /* PhotoGalleryExampleTests.m */; };
		8948CFE21B1D11BD009ECFA8 /* MidiaModel.m in Sources */ = {isa = PBXBuildFile; fileRef = 8948CFE11B1D11BD009ECFA8 /* MidiaModel.m */; };
		8948CFE41B1D15F0009ECFA8 /* PhotosAlbum1.json in Resources */ = {isa = PBXBuildFile; fileRef = 8948CFE31B1D15F0009ECFA8 /* PhotosAlbum1.json */; };
		8948CFE81B1DB6D4009ECFA8 /* PhotoEngine.m in Sources */ = {isa = PBXBuildFile; fileRef = 8948CFE71B1DB6D4009ECFA8 /* PhotoEngine.m */; };
		8948CFEB1B1DB9DA009ECFA8 /* PhotoGalleryViewController.m in Sources */ = {isa = PBXBuildFile; fileRef = 8948CFEA1B1DB9DA009ECFA8 /* PhotoGalleryViewController.m */; };
		8948CFEE1B1DB9FA009ECFA8 /* ListOfPhotosViewController.m in Sources */ = {isa = PBXBuildFile; fileRef = 8948CFED1B1DB9FA009ECFA8 /* ListOfPhotosViewController.m */; };
		8948CFF11B1DBC5A009ECFA8 /* PhotoCollectionViewCellLayout.xib in Resources */ = {isa = PBXBuildFile; fileRef = 8948CFF01B1DBC5A009ECFA8 /* PhotoCollectionViewCellLayout.xib */; };
		8948CFF61B1DBDC9009ECFA8 /* PhotoCollectionViewCell.m in Sources */ = {isa = PBXBuildFile; fileRef = 8948CFF51B1DBDC9009ECFA8 /* PhotoCollectionViewCell.m */; };
		8948CFFB1B1DF452009ECFA8 /* FlipAnimationInteractor.m in Sources */ = {isa = PBXBuildFile; fileRef = 8948CFF91B1DF452009ECFA8 /* FlipAnimationInteractor.m */; };
		E02C3DE18E91292C465B3559 /* libPods.a in Frameworks */ = {isa = PBXBuildFile; fileRef = 84B1DC8D15F45C8955B60D53 /* libPods.a */; };
/* End PBXBuildFile section */

/* Begin PBXContainerItemProxy section */
		8948CFCF1B1D08F2009ECFA8 /* PBXContainerItemProxy */ = {
			isa = PBXContainerItemProxy;
			containerPortal = 8948CFAD1B1D08F2009ECFA8 /* Project object */;
			proxyType = 1;
			remoteGlobalIDString = 8948CFB41B1D08F2009ECFA8;
			remoteInfo = PhotoGalleryExample;
		};
/* End PBXContainerItemProxy section */

/* Begin PBXFileReference section */
		84B1DC8D15F45C8955B60D53 /* libPods.a */ = {isa = PBXFileReference; explicitFileType = archive.ar; includeInIndex = 0; path = libPods.a; sourceTree = BUILT_PRODUCTS_DIR; };
		8948CFB51B1D08F2009ECFA8 /* PhotoGalleryExample.app */ = {isa = PBXFileReference; explicitFileType = wrapper.application; includeInIndex = 0; path = PhotoGalleryExample.app; sourceTree = BUILT_PRODUCTS_DIR; };
		8948CFB91B1D08F2009ECFA8 /* Info.plist */ = {isa = PBXFileReference; lastKnownFileType = text.plist.xml; path = Info.plist; sourceTree = "<group>"; };
		8948CFBA1B1D08F2009ECFA8 /* main.m */ = {isa = PBXFileReference; lastKnownFileType = sourcecode.c.objc; path = main.m; sourceTree = "<group>"; };
		8948CFBC1B1D08F2009ECFA8 /* AppDelegate.h */ = {isa = PBXFileReference; lastKnownFileType = sourcecode.c.h; path = AppDelegate.h; sourceTree = "<group>"; };
		8948CFBD1B1D08F2009ECFA8 /* AppDelegate.m */ = {isa = PBXFileReference; lastKnownFileType = sourcecode.c.objc; path = AppDelegate.m; sourceTree = "<group>"; };
		8948CFC31B1D08F2009ECFA8 /* Base */ = {isa = PBXFileReference; lastKnownFileType = file.storyboard; name = Base; path = Base.lproj/Main.storyboard; sourceTree = "<group>"; };
		8948CFC51B1D08F2009ECFA8 /* Images.xcassets */ = {isa = PBXFileReference; lastKnownFileType = folder.assetcatalog; path = Images.xcassets; sourceTree = "<group>"; };
		8948CFC81B1D08F2009ECFA8 /* Base */ = {isa = PBXFileReference; lastKnownFileType = file.xib; name = Base; path = Base.lproj/LaunchScreen.xib; sourceTree = "<group>"; };
		8948CFCE1B1D08F2009ECFA8 /* PhotoGalleryExampleTests.xctest */ = {isa = PBXFileReference; explicitFileType = wrapper.cfbundle; includeInIndex = 0; path = PhotoGalleryExampleTests.xctest; sourceTree = BUILT_PRODUCTS_DIR; };
		8948CFD31B1D08F2009ECFA8 /* Info.plist */ = {isa = PBXFileReference; lastKnownFileType = text.plist.xml; path = Info.plist; sourceTree = "<group>"; };
		8948CFD41B1D08F2009ECFA8 /* PhotoGalleryExampleTests.m */ = {isa = PBXFileReference; lastKnownFileType = sourcecode.c.objc; path = PhotoGalleryExampleTests.m; sourceTree = "<group>"; };
		8948CFE01B1D11BD009ECFA8 /* MidiaModel.h */ = {isa = PBXFileReference; fileEncoding = 4; lastKnownFileType = sourcecode.c.h; name = MidiaModel.h; path = Model/MidiaModel.h; sourceTree = "<group>"; };
		8948CFE11B1D11BD009ECFA8 /* MidiaModel.m */ = {isa = PBXFileReference; fileEncoding = 4; lastKnownFileType = sourcecode.c.objc; name = MidiaModel.m; path = Model/MidiaModel.m; sourceTree = "<group>"; };
		8948CFE31B1D15F0009ECFA8 /* PhotosAlbum1.json */ = {isa = PBXFileReference; fileEncoding = 4; lastKnownFileType = text.json; path = PhotosAlbum1.json; sourceTree = "<group>"; };
		8948CFE61B1DB6D4009ECFA8 /* PhotoEngine.h */ = {isa = PBXFileReference; fileEncoding = 4; lastKnownFileType = sourcecode.c.h; name = PhotoEngine.h; path = Engine/PhotoEngine.h; sourceTree = "<group>"; };
		8948CFE71B1DB6D4009ECFA8 /* PhotoEngine.m */ = {isa = PBXFileReference; fileEncoding = 4; lastKnownFileType = sourcecode.c.objc; name = PhotoEngine.m; path = Engine/PhotoEngine.m; sourceTree = "<group>"; };
		8948CFE91B1DB9DA009ECFA8 /* PhotoGalleryViewController.h */ = {isa = PBXFileReference; fileEncoding = 4; lastKnownFileType = sourcecode.c.h; name = PhotoGalleryViewController.h; path = ViewController/PhotoGalleryViewController.h; sourceTree = "<group>"; };
		8948CFEA1B1DB9DA009ECFA8 /* PhotoGalleryViewController.m */ = {isa = PBXFileReference; fileEncoding = 4; lastKnownFileType = sourcecode.c.objc; name = PhotoGalleryViewController.m; path = ViewController/PhotoGalleryViewController.m; sourceTree = "<group>"; };
		8948CFEC1B1DB9FA009ECFA8 /* ListOfPhotosViewController.h */ = {isa = PBXFileReference; fileEncoding = 4; lastKnownFileType = sourcecode.c.h; path = ListOfPhotosViewController.h; sourceTree = "<group>"; };
		8948CFED1B1DB9FA009ECFA8 /* ListOfPhotosViewController.m */ = {isa = PBXFileReference; fileEncoding = 4; lastKnownFileType = sourcecode.c.objc; path = ListOfPhotosViewController.m; sourceTree = "<group>"; };
		8948CFF01B1DBC5A009ECFA8 /* PhotoCollectionViewCellLayout.xib */ = {isa = PBXFileReference; fileEncoding = 4; lastKnownFileType = file.xib; path = PhotoCollectionViewCellLayout.xib; sourceTree = "<group>"; };
		8948CFF41B1DBDC9009ECFA8 /* PhotoCollectionViewCell.h */ = {isa = PBXFileReference; fileEncoding = 4; lastKnownFileType = sourcecode.c.h; name = PhotoCollectionViewCell.h; path = Custom/Cell/PhotoCollectionViewCell.h; sourceTree = "<group>"; };
		8948CFF51B1DBDC9009ECFA8 /* PhotoCollectionViewCell.m */ = {isa = PBXFileReference; fileEncoding = 4; lastKnownFileType = sourcecode.c.objc; name = PhotoCollectionViewCell.m; path = Custom/Cell/PhotoCollectionViewCell.m; sourceTree = "<group>"; };
		8948CFF81B1DF452009ECFA8 /* FlipAnimationInteractor.h */ = {isa = PBXFileReference; fileEncoding = 4; lastKnownFileType = sourcecode.c.h; path = FlipAnimationInteractor.h; sourceTree = "<group>"; };
		8948CFF91B1DF452009ECFA8 /* FlipAnimationInteractor.m */ = {isa = PBXFileReference; fileEncoding = 4; lastKnownFileType = sourcecode.c.objc; path = FlipAnimationInteractor.m; sourceTree = "<group>"; };
		8948CFFA1B1DF452009ECFA8 /* InteractiveTransitionViewControllerDelegate.h */ = {isa = PBXFileReference; fileEncoding = 4; lastKnownFileType = sourcecode.c.h; path = InteractiveTransitionViewControllerDelegate.h; sourceTree = "<group>"; };
		8E1359186486DD549681433B /* Pods.debug.xcconfig */ = {isa = PBXFileReference; includeInIndex = 1; lastKnownFileType = text.xcconfig; name = Pods.debug.xcconfig; path = "Pods/Target Support Files/Pods/Pods.debug.xcconfig"; sourceTree = "<group>"; };
		F630890C47279395B1E0B633 /* Pods.release.xcconfig */ = {isa = PBXFileReference; includeInIndex = 1; lastKnownFileType = text.xcconfig; name = Pods.release.xcconfig; path = "Pods/Target Support Files/Pods/Pods.release.xcconfig"; sourceTree = "<group>"; };
/* End PBXFileReference section */

/* Begin PBXFrameworksBuildPhase section */
		8948CFB21B1D08F2009ECFA8 /* Frameworks */ = {
			isa = PBXFrameworksBuildPhase;
			buildActionMask = 2147483647;
			files = (
				E02C3DE18E91292C465B3559 /* libPods.a in Frameworks */,
			);
			runOnlyForDeploymentPostprocessing = 0;
		};
		8948CFCB1B1D08F2009ECFA8 /* Frameworks */ = {
			isa = PBXFrameworksBuildPhase;
			buildActionMask = 2147483647;
			files = (
			);
			runOnlyForDeploymentPostprocessing = 0;
		};
/* End PBXFrameworksBuildPhase section */

/* Begin PBXGroup section */
		663ACD41BADF04DB6F137468 /* Frameworks */ = {
			isa = PBXGroup;
			children = (
				84B1DC8D15F45C8955B60D53 /* libPods.a */,
			);
			name = Frameworks;
			sourceTree = "<group>";
		};
		8948CFAC1B1D08F2009ECFA8 = {
			isa = PBXGroup;
			children = (
				8948CFB71B1D08F2009ECFA8 /* PhotoGalleryExample */,
				8948CFD11B1D08F2009ECFA8 /* PhotoGalleryExampleTests */,
				8948CFB61B1D08F2009ECFA8 /* Products */,
				AF36E58B9779A070E2E2013A /* Pods */,
				663ACD41BADF04DB6F137468 /* Frameworks */,
			);
			sourceTree = "<group>";
		};
		8948CFB61B1D08F2009ECFA8 /* Products */ = {
			isa = PBXGroup;
			children = (
				8948CFB51B1D08F2009ECFA8 /* PhotoGalleryExample.app */,
				8948CFCE1B1D08F2009ECFA8 /* PhotoGalleryExampleTests.xctest */,
			);
			name = Products;
			sourceTree = "<group>";
		};
		8948CFB71B1D08F2009ECFA8 /* PhotoGalleryExample */ = {
			isa = PBXGroup;
			children = (
				8948CFF21B1DBD79009ECFA8 /* Custom */,
				8948CFE51B1DB6B5009ECFA8 /* Engine */,
				8948CFDF1B1D0F00009ECFA8 /* Model */,
				8948CFDE1B1D0EF8009ECFA8 /* ViewController */,
				8948CFBC1B1D08F2009ECFA8 /* AppDelegate.h */,
				8948CFBD1B1D08F2009ECFA8 /* AppDelegate.m */,
				8948CFC21B1D08F2009ECFA8 /* Main.storyboard */,
				8948CFC51B1D08F2009ECFA8 /* Images.xcassets */,
				8948CFC71B1D08F2009ECFA8 /* LaunchScreen.xib */,
				8948CFB81B1D08F2009ECFA8 /* Supporting Files */,
			);
			path = PhotoGalleryExample;
			sourceTree = "<group>";
		};
		8948CFB81B1D08F2009ECFA8 /* Supporting Files */ = {
			isa = PBXGroup;
			children = (
				8948CFE31B1D15F0009ECFA8 /* PhotosAlbum1.json */,
				8948CFB91B1D08F2009ECFA8 /* Info.plist */,
				8948CFBA1B1D08F2009ECFA8 /* main.m */,
			);
			name = "Supporting Files";
			sourceTree = "<group>";
		};
		8948CFD11B1D08F2009ECFA8 /* PhotoGalleryExampleTests */ = {
			isa = PBXGroup;
			children = (
				8948CFD41B1D08F2009ECFA8 /* PhotoGalleryExampleTests.m */,
				8948CFD21B1D08F2009ECFA8 /* Supporting Files */,
			);
			path = PhotoGalleryExampleTests;
			sourceTree = "<group>";
		};
		8948CFD21B1D08F2009ECFA8 /* Supporting Files */ = {
			isa = PBXGroup;
			children = (
				8948CFD31B1D08F2009ECFA8 /* Info.plist */,
			);
			name = "Supporting Files";
			sourceTree = "<group>";
		};
		8948CFDE1B1D0EF8009ECFA8 /* ViewController */ = {
			isa = PBXGroup;
			children = (
				8948CFE91B1DB9DA009ECFA8 /* PhotoGalleryViewController.h */,
				8948CFEA1B1DB9DA009ECFA8 /* PhotoGalleryViewController.m */,
				8948CFEC1B1DB9FA009ECFA8 /* ListOfPhotosViewController.h */,
				8948CFED1B1DB9FA009ECFA8 /* ListOfPhotosViewController.m */,
			);
			name = ViewController;
			sourceTree = "<group>";
		};
		8948CFDF1B1D0F00009ECFA8 /* Model */ = {
			isa = PBXGroup;
			children = (
				8948CFE01B1D11BD009ECFA8 /* MidiaModel.h */,
				8948CFE11B1D11BD009ECFA8 /* MidiaModel.m */,
			);
			name = Model;
			sourceTree = "<group>";
		};
		8948CFE51B1DB6B5009ECFA8 /* Engine */ = {
			isa = PBXGroup;
			children = (
				8948CFE61B1DB6D4009ECFA8 /* PhotoEngine.h */,
				8948CFE71B1DB6D4009ECFA8 /* PhotoEngine.m */,
			);
			name = Engine;
			sourceTree = "<group>";
		};
		8948CFEF1B1DBBED009ECFA8 /* Layout */ = {
			isa = PBXGroup;
			children = (
				8948CFF01B1DBC5A009ECFA8 /* PhotoCollectionViewCellLayout.xib */,
			);
			name = Layout;
			sourceTree = "<group>";
		};
		8948CFF21B1DBD79009ECFA8 /* Custom */ = {
			isa = PBXGroup;
			children = (
				8948CFF71B1DF432009ECFA8 /* Transition */,
				8948CFEF1B1DBBED009ECFA8 /* Layout */,
				8948CFF31B1DBD8E009ECFA8 /* Cell */,
			);
			name = Custom;
			sourceTree = "<group>";
		};
		8948CFF31B1DBD8E009ECFA8 /* Cell */ = {
			isa = PBXGroup;
			children = (
				8948CFF41B1DBDC9009ECFA8 /* PhotoCollectionViewCell.h */,
				8948CFF51B1DBDC9009ECFA8 /* PhotoCollectionViewCell.m */,
			);
			name = Cell;
			sourceTree = "<group>";
		};
		8948CFF71B1DF432009ECFA8 /* Transition */ = {
			isa = PBXGroup;
			children = (
				8948CFF81B1DF452009ECFA8 /* FlipAnimationInteractor.h */,
				8948CFF91B1DF452009ECFA8 /* FlipAnimationInteractor.m */,
				8948CFFA1B1DF452009ECFA8 /* InteractiveTransitionViewControllerDelegate.h */,
			);
			name = Transition;
			sourceTree = "<group>";
		};
		AF36E58B9779A070E2E2013A /* Pods */ = {
			isa = PBXGroup;
			children = (
				8E1359186486DD549681433B /* Pods.debug.xcconfig */,
				F630890C47279395B1E0B633 /* Pods.release.xcconfig */,
			);
			name = Pods;
			sourceTree = "<group>";
		};
/* End PBXGroup section */

/* Begin PBXNativeTarget section */
		8948CFB41B1D08F2009ECFA8 /* PhotoGalleryExample */ = {
			isa = PBXNativeTarget;
			buildConfigurationList = 8948CFD81B1D08F2009ECFA8 /* Build configuration list for PBXNativeTarget "PhotoGalleryExample" */;
			buildPhases = (
				9A0F3D1BB9E3F0F4CA724801 /* Check Pods Manifest.lock */,
				8948CFB11B1D08F2009ECFA8 /* Sources */,
				8948CFB21B1D08F2009ECFA8 /* Frameworks */,
				8948CFB31B1D08F2009ECFA8 /* Resources */,
				14936E6B6B23E9A09D7EFC8A /* Copy Pods Resources */,
			);
			buildRules = (
			);
			dependencies = (
			);
			name = PhotoGalleryExample;
			productName = PhotoGalleryExample;
			productReference = 8948CFB51B1D08F2009ECFA8 /* PhotoGalleryExample.app */;
			productType = "com.apple.product-type.application";
		};
		8948CFCD1B1D08F2009ECFA8 /* PhotoGalleryExampleTests */ = {
			isa = PBXNativeTarget;
			buildConfigurationList = 8948CFDB1B1D08F2009ECFA8 /* Build configuration list for PBXNativeTarget "PhotoGalleryExampleTests" */;
			buildPhases = (
				8948CFCA1B1D08F2009ECFA8 /* Sources */,
				8948CFCB1B1D08F2009ECFA8 /* Frameworks */,
				8948CFCC1B1D08F2009ECFA8 /* Resources */,
			);
			buildRules = (
			);
			dependencies = (
				8948CFD01B1D08F2009ECFA8 /* PBXTargetDependency */,
			);
			name = PhotoGalleryExampleTests;
			productName = PhotoGalleryExampleTests;
			productReference = 8948CFCE1B1D08F2009ECFA8 /* PhotoGalleryExampleTests.xctest */;
			productType = "com.apple.product-type.bundle.unit-test";
		};
/* End PBXNativeTarget section */

/* Begin PBXProject section */
		8948CFAD1B1D08F2009ECFA8 /* Project object */ = {
			isa = PBXProject;
			attributes = {
				LastUpgradeCheck = 0630;
				ORGANIZATIONNAME = "Emerson Mendes Filho";
				TargetAttributes = {
					8948CFB41B1D08F2009ECFA8 = {
						CreatedOnToolsVersion = 6.3.1;
					};
					8948CFCD1B1D08F2009ECFA8 = {
						CreatedOnToolsVersion = 6.3.1;
						TestTargetID = 8948CFB41B1D08F2009ECFA8;
					};
				};
			};
			buildConfigurationList = 8948CFB01B1D08F2009ECFA8 /* Build configuration list for PBXProject "PhotoGalleryExample" */;
			compatibilityVersion = "Xcode 3.2";
			developmentRegion = English;
			hasScannedForEncodings = 0;
			knownRegions = (
				en,
				Base,
			);
			mainGroup = 8948CFAC1B1D08F2009ECFA8;
			productRefGroup = 8948CFB61B1D08F2009ECFA8 /* Products */;
			projectDirPath = "";
			projectRoot = "";
			targets = (
				8948CFB41B1D08F2009ECFA8 /* PhotoGalleryExample */,
				8948CFCD1B1D08F2009ECFA8 /* PhotoGalleryExampleTests */,
			);
		};
/* End PBXProject section */

/* Begin PBXResourcesBuildPhase section */
		8948CFB31B1D08F2009ECFA8 /* Resources */ = {
			isa = PBXResourcesBuildPhase;
			buildActionMask = 2147483647;
			files = (
				8948CFF11B1DBC5A009ECFA8 /* PhotoCollectionViewCellLayout.xib in Resources */,
				8948CFE41B1D15F0009ECFA8 /* PhotosAlbum1.json in Resources */,
				8948CFC41B1D08F2009ECFA8 /* Main.storyboard in Resources */,
				8948CFC91B1D08F2009ECFA8 /* LaunchScreen.xib in Resources */,
				8948CFC61B1D08F2009ECFA8 /* Images.xcassets in Resources */,
			);
			runOnlyForDeploymentPostprocessing = 0;
		};
		8948CFCC1B1D08F2009ECFA8 /* Resources */ = {
			isa = PBXResourcesBuildPhase;
			buildActionMask = 2147483647;
			files = (
			);
			runOnlyForDeploymentPostprocessing = 0;
		};
/* End PBXResourcesBuildPhase section */

/* Begin PBXShellScriptBuildPhase section */
		14936E6B6B23E9A09D7EFC8A /* Copy Pods Resources */ = {
			isa = PBXShellScriptBuildPhase;
			buildActionMask = 2147483647;
			files = (
			);
			inputPaths = (
			);
			name = "Copy Pods Resources";
			outputPaths = (
			);
			runOnlyForDeploymentPostprocessing = 0;
			shellPath = /bin/sh;
			shellScript = "\"${SRCROOT}/Pods/Target Support Files/Pods/Pods-resources.sh\"\n";
			showEnvVarsInLog = 0;
		};
		9A0F3D1BB9E3F0F4CA724801 /* Check Pods Manifest.lock */ = {
			isa = PBXShellScriptBuildPhase;
			buildActionMask = 2147483647;
			files = (
			);
			inputPaths = (
			);
			name = "Check Pods Manifest.lock";
			outputPaths = (
			);
			runOnlyForDeploymentPostprocessing = 0;
			shellPath = /bin/sh;
			shellScript = "diff \"${PODS_ROOT}/../Podfile.lock\" \"${PODS_ROOT}/Manifest.lock\" > /dev/null\nif [[ $? != 0 ]] ; then\n    cat << EOM\nerror: The sandbox is not in sync with the Podfile.lock. Run 'pod install' or update your CocoaPods installation.\nEOM\n    exit 1\nfi\n";
			showEnvVarsInLog = 0;
		};
/* End PBXShellScriptBuildPhase section */

/* Begin PBXSourcesBuildPhase section */
		8948CFB11B1D08F2009ECFA8 /* Sources */ = {
			isa = PBXSourcesBuildPhase;
			buildActionMask = 2147483647;
			files = (
				8948CFE21B1D11BD009ECFA8 /* MidiaModel.m in Sources */,
				8948CFE81B1DB6D4009ECFA8 /* PhotoEngine.m in Sources */,
				8948CFFB1B1DF452009ECFA8 /* FlipAnimationInteractor.m in Sources */,
				8948CFEB1B1DB9DA009ECFA8 /* PhotoGalleryViewController.m in Sources */,
				8948CFEE1B1DB9FA009ECFA8 /* ListOfPhotosViewController.m in Sources */,
				8948CFF61B1DBDC9009ECFA8 /* PhotoCollectionViewCell.m in Sources */,
				8948CFBE1B1D08F2009ECFA8 /* AppDelegate.m in Sources */,
				8948CFBB1B1D08F2009ECFA8 /* main.m in Sources */,
			);
			runOnlyForDeploymentPostprocessing = 0;
		};
		8948CFCA1B1D08F2009ECFA8 /* Sources */ = {
			isa = PBXSourcesBuildPhase;
			buildActionMask = 2147483647;
			files = (
				8948CFD51B1D08F2009ECFA8 /* PhotoGalleryExampleTests.m in Sources */,
			);
			runOnlyForDeploymentPostprocessing = 0;
		};
/* End PBXSourcesBuildPhase section */

/* Begin PBXTargetDependency section */
		8948CFD01B1D08F2009ECFA8 /* PBXTargetDependency */ = {
			isa = PBXTargetDependency;
			target = 8948CFB41B1D08F2009ECFA8 /* PhotoGalleryExample */;
			targetProxy = 8948CFCF1B1D08F2009ECFA8 /* PBXContainerItemProxy */;
		};
/* End PBXTargetDependency section */

/* Begin PBXVariantGroup section */
		8948CFC21B1D08F2009ECFA8 /* Main.storyboard */ = {
			isa = PBXVariantGroup;
			children = (
				8948CFC31B1D08F2009ECFA8 /* Base */,
			);
			name = Main.storyboard;
			sourceTree = "<group>";
		};
		8948CFC71B1D08F2009ECFA8 /* LaunchScreen.xib */ = {
			isa = PBXVariantGroup;
			children = (
				8948CFC81B1D08F2009ECFA8 /* Base */,
			);
			name = LaunchScreen.xib;
			sourceTree = "<group>";
		};
/* End PBXVariantGroup section */

/* Begin XCBuildConfiguration section */
		8948CFD61B1D08F2009ECFA8 /* Debug */ = {
			isa = XCBuildConfiguration;
			buildSettings = {
				ALWAYS_SEARCH_USER_PATHS = NO;
				CLANG_CXX_LANGUAGE_STANDARD = "gnu++0x";
				CLANG_CXX_LIBRARY = "libc++";
				CLANG_ENABLE_MODULES = YES;
				CLANG_ENABLE_OBJC_ARC = YES;
				CLANG_WARN_BOOL_CONVERSION = YES;
				CLANG_WARN_CONSTANT_CONVERSION = YES;
				CLANG_WARN_DIRECT_OBJC_ISA_USAGE = YES_ERROR;
				CLANG_WARN_EMPTY_BODY = YES;
				CLANG_WARN_ENUM_CONVERSION = YES;
				CLANG_WARN_INT_CONVERSION = YES;
				CLANG_WARN_OBJC_ROOT_CLASS = YES_ERROR;
				CLANG_WARN_UNREACHABLE_CODE = YES;
				CLANG_WARN__DUPLICATE_METHOD_MATCH = YES;
				"CODE_SIGN_IDENTITY[sdk=iphoneos*]" = "iPhone Developer";
				COPY_PHASE_STRIP = NO;
				DEBUG_INFORMATION_FORMAT = "dwarf-with-dsym";
				ENABLE_STRICT_OBJC_MSGSEND = YES;
				GCC_C_LANGUAGE_STANDARD = gnu99;
				GCC_DYNAMIC_NO_PIC = NO;
				GCC_NO_COMMON_BLOCKS = YES;
				GCC_OPTIMIZATION_LEVEL = 0;
				GCC_PREPROCESSOR_DEFINITIONS = (
					"DEBUG=1",
					"$(inherited)",
				);
				GCC_SYMBOLS_PRIVATE_EXTERN = NO;
				GCC_WARN_64_TO_32_BIT_CONVERSION = YES;
				GCC_WARN_ABOUT_RETURN_TYPE = YES_ERROR;
				GCC_WARN_UNDECLARED_SELECTOR = YES;
				GCC_WARN_UNINITIALIZED_AUTOS = YES_AGGRESSIVE;
				GCC_WARN_UNUSED_FUNCTION = YES;
				GCC_WARN_UNUSED_VARIABLE = YES;
				IPHONEOS_DEPLOYMENT_TARGET = 8.3;
				MTL_ENABLE_DEBUG_INFO = YES;
				ONLY_ACTIVE_ARCH = YES;
				SDKROOT = iphoneos;
			};
			name = Debug;
		};
		8948CFD71B1D08F2009ECFA8 /* Release */ = {
			isa = XCBuildConfiguration;
			buildSettings = {
				ALWAYS_SEARCH_USER_PATHS = NO;
				CLANG_CXX_LANGUAGE_STANDARD = "gnu++0x";
				CLANG_CXX_LIBRARY = "libc++";
				CLANG_ENABLE_MODULES = YES;
				CLANG_ENABLE_OBJC_ARC = YES;
				CLANG_WARN_BOOL_CONVERSION = YES;
				CLANG_WARN_CONSTANT_CONVERSION = YES;
				CLANG_WARN_DIRECT_OBJC_ISA_USAGE = YES_ERROR;
				CLANG_WARN_EMPTY_BODY = YES;
				CLANG_WARN_ENUM_CONVERSION = YES;
				CLANG_WARN_INT_CONVERSION = YES;
				CLANG_WARN_OBJC_ROOT_CLASS = YES_ERROR;
				CLANG_WARN_UNREACHABLE_CODE = YES;
				CLANG_WARN__DUPLICATE_METHOD_MATCH = YES;
				"CODE_SIGN_IDENTITY[sdk=iphoneos*]" = "iPhone Developer";
				COPY_PHASE_STRIP = NO;
				DEBUG_INFORMATION_FORMAT = "dwarf-with-dsym";
				ENABLE_NS_ASSERTIONS = NO;
				ENABLE_STRICT_OBJC_MSGSEND = YES;
				GCC_C_LANGUAGE_STANDARD = gnu99;
				GCC_NO_COMMON_BLOCKS = YES;
				GCC_WARN_64_TO_32_BIT_CONVERSION = YES;
				GCC_WARN_ABOUT_RETURN_TYPE = YES_ERROR;
				GCC_WARN_UNDECLARED_SELECTOR = YES;
				GCC_WARN_UNINITIALIZED_AUTOS = YES_AGGRESSIVE;
				GCC_WARN_UNUSED_FUNCTION = YES;
				GCC_WARN_UNUSED_VARIABLE = YES;
				IPHONEOS_DEPLOYMENT_TARGET = 8.3;
				MTL_ENABLE_DEBUG_INFO = NO;
				SDKROOT = iphoneos;
				VALIDATE_PRODUCT = YES;
			};
			name = Release;
		};
		8948CFD91B1D08F2009ECFA8 /* Debug */ = {
			isa = XCBuildConfiguration;
			baseConfigurationReference = 8E1359186486DD549681433B /* Pods.debug.xcconfig */;
			buildSettings = {
				ASSETCATALOG_COMPILER_APPICON_NAME = AppIcon;
				INFOPLIST_FILE = PhotoGalleryExample/Info.plist;
				LD_RUNPATH_SEARCH_PATHS = "$(inherited) @executable_path/Frameworks";
				PRODUCT_NAME = "$(TARGET_NAME)";
			};
			name = Debug;
		};
		8948CFDA1B1D08F2009ECFA8 /* Release */ = {
			isa = XCBuildConfiguration;
			baseConfigurationReference = F630890C47279395B1E0B633 /* Pods.release.xcconfig */;
			buildSettings = {
				ASSETCATALOG_COMPILER_APPICON_NAME = AppIcon;
				INFOPLIST_FILE = PhotoGalleryExample/Info.plist;
				LD_RUNPATH_SEARCH_PATHS = "$(inherited) @executable_path/Frameworks";
				PRODUCT_NAME = "$(TARGET_NAME)";
			};
			name = Release;
		};
		8948CFDC1B1D08F2009ECFA8 /* Debug */ = {
			isa = XCBuildConfiguration;
			buildSettings = {
				BUNDLE_LOADER = "$(TEST_HOST)";
				FRAMEWORK_SEARCH_PATHS = (
					"$(SDKROOT)/Developer/Library/Frameworks",
					"$(inherited)",
				);
				GCC_PREPROCESSOR_DEFINITIONS = (
					"DEBUG=1",
					"$(inherited)",
				);
				INFOPLIST_FILE = PhotoGalleryExampleTests/Info.plist;
				LD_RUNPATH_SEARCH_PATHS = "$(inherited) @executable_path/Frameworks @loader_path/Frameworks";
				PRODUCT_NAME = "$(TARGET_NAME)";
				TEST_HOST = "$(BUILT_PRODUCTS_DIR)/PhotoGalleryExample.app/PhotoGalleryExample";
			};
			name = Debug;
		};
		8948CFDD1B1D08F2009ECFA8 /* Release */ = {
			isa = XCBuildConfiguration;
			buildSettings = {
				BUNDLE_LOADER = "$(TEST_HOST)";
				FRAMEWORK_SEARCH_PATHS = (
					"$(SDKROOT)/Developer/Library/Frameworks",
					"$(inherited)",
				);
				INFOPLIST_FILE = PhotoGalleryExampleTests/Info.plist;
				LD_RUNPATH_SEARCH_PATHS = "$(inherited) @executable_path/Frameworks @loader_path/Frameworks";
				PRODUCT_NAME = "$(TARGET_NAME)";
				TEST_HOST = "$(BUILT_PRODUCTS_DIR)/PhotoGalleryExample.app/PhotoGalleryExample";
			};
			name = Release;
		};
/* End XCBuildConfiguration section */

/* Begin XCConfigurationList section */
		8948CFB01B1D08F2009ECFA8 /* Build configuration list for PBXProject "PhotoGalleryExample" */ = {
			isa = XCConfigurationList;
			buildConfigurations = (
				8948CFD61B1D08F2009ECFA8 /* Debug */,
				8948CFD71B1D08F2009ECFA8 /* Release */,
			);
			defaultConfigurationIsVisible = 0;
			defaultConfigurationName = Release;
		};
		8948CFD81B1D08F2009ECFA8 /* Build configuration list for PBXNativeTarget "PhotoGalleryExample" */ = {
			isa = XCConfigurationList;
			buildConfigurations = (
				8948CFD91B1D08F2009ECFA8 /* Debug */,
				8948CFDA1B1D08F2009ECFA8 /* Release */,
			);
			defaultConfigurationIsVisible = 0;
			defaultConfigurationName = Release;
		};
		8948CFDB1B1D08F2009ECFA8 /* Build configuration list for PBXNativeTarget "PhotoGalleryExampleTests" */ = {
			isa = XCConfigurationList;
			buildConfigurations = (
				8948CFDC1B1D08F2009ECFA8 /* Debug */,
				8948CFDD1B1D08F2009ECFA8 /* Release */,
			);
			defaultConfigurationIsVisible = 0;
			defaultConfigurationName = Release;
		};
/* End XCConfigurationList section */
	};
	rootObject = 8948CFAD1B1D08F2009ECFA8 /* Project object */;
}
